
Microsoft Visual Studio Solution File, Format Version 12.00
# Visual Studio Version 17
VisualStudioVersion = 17.1.32228.430
MinimumVisualStudioVersion = 10.0.40219.1
Project("{FAE04EC0-301F-11D3-BF4B-00C04F79EFBC}") = "AccesssModifiers", "AccesssModifiers\AccesssModifiers.csproj", "{00EB5E46-9C11-437A-999D-5AF8FA550811}"
EndProject
Project("{FAE04EC0-301F-11D3-BF4B-00C04F79EFBC}") = "AccessModifierLibrary", "AccessModifierLibrary\AccessModifierLibrary.csproj", "{A84716DF-4EDB-46E6-9A69-0EFDAADAF9C1}"
EndProject
Global
	GlobalSection(SolutionConfigurationPlatforms) = preSolution
		Debug|Any CPU = Debug|Any CPU
		Release|Any CPU = Release|Any CPU
	EndGlobalSection
	GlobalSection(ProjectConfigurationPlatforms) = postSolution
		{00EB5E46-9C11-437A-999D-5AF8FA550811}.Debug|Any CPU.ActiveCfg = Debug|Any CPU
		{00EB5E46-9C11-437A-999D-5AF8FA550811}.Debug|Any CPU.Build.0 = Debug|Any CPU
		{00EB5E46-9C11-437A-999D-5AF8FA550811}.Release|Any CPU.ActiveCfg = Release|Any CPU
		{00EB5E46-9C11-437A-999D-5AF8FA550811}.Release|Any CPU.Build.0 = Release|Any CPU
		{A84716DF-4EDB-46E6-9A69-0EFDAADAF9C1}.Debug|Any CPU.ActiveCfg = Debug|Any CPU
		{A84716DF-4EDB-46E6-9A69-0EFDAADAF9C1}.Debug|Any CPU.Build.0 = Debug|Any CPU
		{A84716DF-4EDB-46E6-9A69-0EFDAADAF9C1}.Release|Any CPU.ActiveCfg = Release|Any CPU
		{A84716DF-4EDB-46E6-9A69-0EFDAADAF9C1}.Release|Any CPU.Build.0 = Release|Any CPU
	EndGlobalSection
	GlobalSection(SolutionProperties) = preSolution
		HideSolutionNode = FALSE
	EndGlobalSection
	GlobalSection(ExtensibilityGlobals) = postSolution
		SolutionGuid = {FF95762D-5ED2-43A2-87EB-104EAF413987}
	EndGlobalSection
EndGlobal
